
Microsoft Visual Studio Solution File, Format Version 12.00
# Visual Studio Version 17
VisualStudioVersion = 17.9.34902.65
MinimumVisualStudioVersion = 10.0.40219.1
Project("{FAE04EC0-301F-11D3-BF4B-00C04F79EFBC}") = "MongodbAspStory", "MongodbAspStory\MongodbAspStory.csproj", "{F2E18DC6-EBAD-4CB6-B3BB-B4C8194387FD}"
EndProject
Global
	GlobalSection(SolutionConfigurationPlatforms) = preSolution
		Debug|Any CPU = Debug|Any CPU
		Release|Any CPU = Release|Any CPU
	EndGlobalSection
	GlobalSection(ProjectConfigurationPlatforms) = postSolution
		{F2E18DC6-EBAD-4CB6-B3BB-B4C8194387FD}.Debug|Any CPU.ActiveCfg = Debug|Any CPU
		{F2E18DC6-EBAD-4CB6-B3BB-B4C8194387FD}.Debug|Any CPU.Build.0 = Debug|Any CPU
		{F2E18DC6-EBAD-4CB6-B3BB-B4C8194387FD}.Release|Any CPU.ActiveCfg = Release|Any CPU
		{F2E18DC6-EBAD-4CB6-B3BB-B4C8194387FD}.Release|Any CPU.Build.0 = Release|Any CPU
	EndGlobalSection
	GlobalSection(SolutionProperties) = preSolution
		HideSolutionNode = FALSE
	EndGlobalSection
	GlobalSection(ExtensibilityGlobals) = postSolution
		SolutionGuid = {C3DA6765-D66A-4966-92A3-07BB713EABA6}
	EndGlobalSection
EndGlobal
